// !$*UTF8*$!
{
	archiveVersion = 1;
	classes = {
	};
	objectVersion = 56;
	objects = {

/* Begin PBXBuildFile section */
		5430981D2BC1CC0D00ECFFBB /* GQIBBI_URLSessionWebSocketApp.swift in Sources */ = {isa = PBXBuildFile; fileRef = 5430981C2BC1CC0D00ECFFBB /* GQIBBI_URLSessionWebSocketApp.swift */; };
		5430981F2BC1CC0D00ECFFBB /* ContentView.swift in Sources */ = {isa = PBXBuildFile; fileRef = 5430981E2BC1CC0D00ECFFBB /* ContentView.swift */; };
		543098212BC1CC1000ECFFBB /* Assets.xcassets in Resources */ = {isa = PBXBuildFile; fileRef = 543098202BC1CC1000ECFFBB /* Assets.xcassets */; };
		543098242BC1CC1000ECFFBB /* Preview Assets.xcassets in Resources */ = {isa = PBXBuildFile; fileRef = 543098232BC1CC1000ECFFBB /* Preview Assets.xcassets */; };
		5430982C2BC1CF1000ECFFBB /* CryptoSwift in Frameworks */ = {isa = PBXBuildFile; productRef = 5430982B2BC1CF1000ECFFBB /* CryptoSwift */; };
		5430982E2BC1CFA300ECFFBB /* myCryptoFunction.swift in Sources */ = {isa = PBXBuildFile; fileRef = 5430982D2BC1CFA200ECFFBB /* myCryptoFunction.swift */; };
		543098302BC3E63C00ECFFBB /* myWebSocketFunctions.swift in Sources */ = {isa = PBXBuildFile; fileRef = 5430982F2BC3E63C00ECFFBB /* myWebSocketFunctions.swift */; };
/* End PBXBuildFile section */

/* Begin PBXFileReference section */
		543098192BC1CC0D00ECFFBB /* GQIBBI URLSessionWebSocket.app */ = {isa = PBXFileReference; explicitFileType = wrapper.application; includeInIndex = 0; path = "GQIBBI URLSessionWebSocket.app"; sourceTree = BUILT_PRODUCTS_DIR; };
		5430981C2BC1CC0D00ECFFBB /* GQIBBI_URLSessionWebSocketApp.swift */ = {isa = PBXFileReference; lastKnownFileType = sourcecode.swift; path = GQIBBI_URLSessionWebSocketApp.swift; sourceTree = "<group>"; };
		5430981E2BC1CC0D00ECFFBB /* ContentView.swift */ = {isa = PBXFileReference; lastKnownFileType = sourcecode.swift; path = ContentView.swift; sourceTree = "<group>"; };
		543098202BC1CC1000ECFFBB /* Assets.xcassets */ = {isa = PBXFileReference; lastKnownFileType = folder.assetcatalog; path = Assets.xcassets; sourceTree = "<group>"; };
		543098232BC1CC1000ECFFBB /* Preview Assets.xcassets */ = {isa = PBXFileReference; lastKnownFileType = folder.assetcatalog; path = "Preview Assets.xcassets"; sourceTree = "<group>"; };
		5430982D2BC1CFA200ECFFBB /* myCryptoFunction.swift */ = {isa = PBXFileReference; lastKnownFileType = sourcecode.swift; path = myCryptoFunction.swift; sourceTree = "<group>"; };
		5430982F2BC3E63C00ECFFBB /* myWebSocketFunctions.swift */ = {isa = PBXFileReference; lastKnownFileType = sourcecode.swift; path = myWebSocketFunctions.swift; sourceTree = "<group>"; };
/* End PBXFileReference section */

/* Begin PBXFrameworksBuildPhase section */
		543098162BC1CC0D00ECFFBB /* Frameworks */ = {
			isa = PBXFrameworksBuildPhase;
			buildActionMask = 2147483647;
			files = (
				5430982C2BC1CF1000ECFFBB /* CryptoSwift in Frameworks */,
			);
			runOnlyForDeploymentPostprocessing = 0;
		};
/* End PBXFrameworksBuildPhase section */

/* Begin PBXGroup section */
		543098102BC1CC0D00ECFFBB = {
			isa = PBXGroup;
			children = (
				5430981B2BC1CC0D00ECFFBB /* GQIBBI URLSessionWebSocket */,
				5430981A2BC1CC0D00ECFFBB /* Products */,
			);
			sourceTree = "<group>";
		};
		5430981A2BC1CC0D00ECFFBB /* Products */ = {
			isa = PBXGroup;
			children = (
				543098192BC1CC0D00ECFFBB /* GQIBBI URLSessionWebSocket.app */,
			);
			name = Products;
			sourceTree = "<group>";
		};
		5430981B2BC1CC0D00ECFFBB /* GQIBBI URLSessionWebSocket */ = {
			isa = PBXGroup;
			children = (
				5430981C2BC1CC0D00ECFFBB /* GQIBBI_URLSessionWebSocketApp.swift */,
				5430981E2BC1CC0D00ECFFBB /* ContentView.swift */,
				5430982F2BC3E63C00ECFFBB /* myWebSocketFunctions.swift */,
				5430982D2BC1CFA200ECFFBB /* myCryptoFunction.swift */,
				543098202BC1CC1000ECFFBB /* Assets.xcassets */,
				543098222BC1CC1000ECFFBB /* Preview Content */,
			);
			path = "GQIBBI URLSessionWebSocket";
			sourceTree = "<group>";
		};
		543098222BC1CC1000ECFFBB /* Preview Content */ = {
			isa = PBXGroup;
			children = (
				543098232BC1CC1000ECFFBB /* Preview Assets.xcassets */,
			);
			path = "Preview Content";
			sourceTree = "<group>";
		};
/* End PBXGroup section */

/* Begin PBXNativeTarget section */
		543098182BC1CC0D00ECFFBB /* GQIBBI URLSessionWebSocket */ = {
			isa = PBXNativeTarget;
			buildConfigurationList = 543098272BC1CC1000ECFFBB /* Build configuration list for PBXNativeTarget "GQIBBI URLSessionWebSocket" */;
			buildPhases = (
				543098152BC1CC0D00ECFFBB /* Sources */,
				543098162BC1CC0D00ECFFBB /* Frameworks */,
				543098172BC1CC0D00ECFFBB /* Resources */,
			);
			buildRules = (
			);
			dependencies = (
			);
			name = "GQIBBI URLSessionWebSocket";
			packageProductDependencies = (
				5430982B2BC1CF1000ECFFBB /* CryptoSwift */,
			);
			productName = "GQIBBI URLSessionWebSocket";
			productReference = 543098192BC1CC0D00ECFFBB /* GQIBBI URLSessionWebSocket.app */;
			productType = "com.apple.product-type.application";
		};
/* End PBXNativeTarget section */

/* Begin PBXProject section */
		543098112BC1CC0D00ECFFBB /* Project object */ = {
			isa = PBXProject;
			attributes = {
				BuildIndependentTargetsInParallel = 1;
				LastSwiftUpdateCheck = 1530;
				LastUpgradeCheck = 1530;
				TargetAttributes = {
					543098182BC1CC0D00ECFFBB = {
						CreatedOnToolsVersion = 15.3;
					};
				};
			};
			buildConfigurationList = 543098142BC1CC0D00ECFFBB /* Build configuration list for PBXProject "GQIBBI URLSessionWebSocket" */;
			compatibilityVersion = "Xcode 14.0";
			developmentRegion = en;
			hasScannedForEncodings = 0;
			knownRegions = (
				en,
				Base,
			);
			mainGroup = 543098102BC1CC0D00ECFFBB;
			packageReferences = (
				5430982A2BC1CF1000ECFFBB /* XCRemoteSwiftPackageReference "CryptoSwift" */,
			);
			productRefGroup = 5430981A2BC1CC0D00ECFFBB /* Products */;
			projectDirPath = "";
			projectRoot = "";
			targets = (
				543098182BC1CC0D00ECFFBB /* GQIBBI URLSessionWebSocket */,
			);
		};
/* End PBXProject section */

/* Begin PBXResourcesBuildPhase section */
		543098172BC1CC0D00ECFFBB /* Resources */ = {
			isa = PBXResourcesBuildPhase;
			buildActionMask = 2147483647;
			files = (
				543098242BC1CC1000ECFFBB /* Preview Assets.xcassets in Resources */,
				543098212BC1CC1000ECFFBB /* Assets.xcassets in Resources */,
			);
			runOnlyForDeploymentPostprocessing = 0;
		};
/* End PBXResourcesBuildPhase section */

/* Begin PBXSourcesBuildPhase section */
		543098152BC1CC0D00ECFFBB /* Sources */ = {
			isa = PBXSourcesBuildPhase;
			buildActionMask = 2147483647;
			files = (
				5430981F2BC1CC0D00ECFFBB /* ContentView.swift in Sources */,
				5430982E2BC1CFA300ECFFBB /* myCryptoFunction.swift in Sources */,
				5430981D2BC1CC0D00ECFFBB /* GQIBBI_URLSessionWebSocketApp.swift in Sources */,
				543098302BC3E63C00ECFFBB /* myWebSocketFunctions.swift in Sources */,
			);
			runOnlyForDeploymentPostprocessing = 0;
		};
/* End PBXSourcesBuildPhase section */

/* Begin XCBuildConfiguration section */
		543098252BC1CC1000ECFFBB /* Debug */ = {
			isa = XCBuildConfiguration;
			buildSettings = {
				ALWAYS_SEARCH_USER_PATHS = NO;
				ASSETCATALOG_COMPILER_GENERATE_SWIFT_ASSET_SYMBOL_EXTENSIONS = YES;
				CLANG_ANALYZER_NONNULL = YES;
				CLANG_ANALYZER_NUMBER_OBJECT_CONVERSION = YES_AGGRESSIVE;
				CLANG_CXX_LANGUAGE_STANDARD = "gnu++20";
				CLANG_ENABLE_MODULES = YES;
				CLANG_ENABLE_OBJC_ARC = YES;
				CLANG_ENABLE_OBJC_WEAK = YES;
				CLANG_WARN_BLOCK_CAPTURE_AUTORELEASING = YES;
				CLANG_WARN_BOOL_CONVERSION = YES;
				CLANG_WARN_COMMA = YES;
				CLANG_WARN_CONSTANT_CONVERSION = YES;
				CLANG_WARN_DEPRECATED_OBJC_IMPLEMENTATIONS = YES;
				CLANG_WARN_DIRECT_OBJC_ISA_USAGE = YES_ERROR;
				CLANG_WARN_DOCUMENTATION_COMMENTS = YES;
				CLANG_WARN_EMPTY_BODY = YES;
				CLANG_WARN_ENUM_CONVERSION = YES;
				CLANG_WARN_INFINITE_RECURSION = YES;
				CLANG_WARN_INT_CONVERSION = YES;
				CLANG_WARN_NON_LITERAL_NULL_CONVERSION = YES;
				CLANG_WARN_OBJC_IMPLICIT_RETAIN_SELF = YES;
				CLANG_WARN_OBJC_LITERAL_CONVERSION = YES;
				CLANG_WARN_OBJC_ROOT_CLASS = YES_ERROR;
				CLANG_WARN_QUOTED_INCLUDE_IN_FRAMEWORK_HEADER = YES;
				CLANG_WARN_RANGE_LOOP_ANALYSIS = YES;
				CLANG_WARN_STRICT_PROTOTYPES = YES;
				CLANG_WARN_SUSPICIOUS_MOVE = YES;
				CLANG_WARN_UNGUARDED_AVAILABILITY = YES_AGGRESSIVE;
				CLANG_WARN_UNREACHABLE_CODE = YES;
				CLANG_WARN__DUPLICATE_METHOD_MATCH = YES;
				COPY_PHASE_STRIP = NO;
				DEBUG_INFORMATION_FORMAT = dwarf;
				ENABLE_STRICT_OBJC_MSGSEND = YES;
				ENABLE_TESTABILITY = YES;
				ENABLE_USER_SCRIPT_SANDBOXING = YES;
				GCC_C_LANGUAGE_STANDARD = gnu17;
				GCC_DYNAMIC_NO_PIC = NO;
				GCC_NO_COMMON_BLOCKS = YES;
				GCC_OPTIMIZATION_LEVEL = 0;
				GCC_PREPROCESSOR_DEFINITIONS = (
					"DEBUG=1",
					"$(inherited)",
				);
				GCC_WARN_64_TO_32_BIT_CONVERSION = YES;
				GCC_WARN_ABOUT_RETURN_TYPE = YES_ERROR;
				GCC_WARN_UNDECLARED_SELECTOR = YES;
				GCC_WARN_UNINITIALIZED_AUTOS = YES_AGGRESSIVE;
				GCC_WARN_UNUSED_FUNCTION = YES;
				GCC_WARN_UNUSED_VARIABLE = YES;
				IPHONEOS_DEPLOYMENT_TARGET = 17.4;
				LOCALIZATION_PREFERS_STRING_CATALOGS = YES;
				MTL_ENABLE_DEBUG_INFO = INCLUDE_SOURCE;
				MTL_FAST_MATH = YES;
				ONLY_ACTIVE_ARCH = YES;
				SDKROOT = iphoneos;
				SWIFT_ACTIVE_COMPILATION_CONDITIONS = "DEBUG $(inherited)";
				SWIFT_OPTIMIZATION_LEVEL = "-Onone";
			};
			name = Debug;
		};
		543098262BC1CC1000ECFFBB /* Release */ = {
			isa = XCBuildConfiguration;
			buildSettings = {
				ALWAYS_SEARCH_USER_PATHS = NO;
				ASSETCATALOG_COMPILER_GENERATE_SWIFT_ASSET_SYMBOL_EXTENSIONS = YES;
				CLANG_ANALYZER_NONNULL = YES;
				CLANG_ANALYZER_NUMBER_OBJECT_CONVERSION = YES_AGGRESSIVE;
				CLANG_CXX_LANGUAGE_STANDARD = "gnu++20";
				CLANG_ENABLE_MODULES = YES;
				CLANG_ENABLE_OBJC_ARC = YES;
				CLANG_ENABLE_OBJC_WEAK = YES;
				CLANG_WARN_BLOCK_CAPTURE_AUTORELEASING = YES;
				CLANG_WARN_BOOL_CONVERSION = YES;
				CLANG_WARN_COMMA = YES;
				CLANG_WARN_CONSTANT_CONVERSION = YES;
				CLANG_WARN_DEPRECATED_OBJC_IMPLEMENTATIONS = YES;
				CLANG_WARN_DIRECT_OBJC_ISA_USAGE = YES_ERROR;
				CLANG_WARN_DOCUMENTATION_COMMENTS = YES;
				CLANG_WARN_EMPTY_BODY = YES;
				CLANG_WARN_ENUM_CONVERSION = YES;
				CLANG_WARN_INFINITE_RECURSION = YES;
				CLANG_WARN_INT_CONVERSION = YES;
				CLANG_WARN_NON_LITERAL_NULL_CONVERSION = YES;
				CLANG_WARN_OBJC_IMPLICIT_RETAIN_SELF = YES;
				CLANG_WARN_OBJC_LITERAL_CONVERSION = YES;
				CLANG_WARN_OBJC_ROOT_CLASS = YES_ERROR;
				CLANG_WARN_QUOTED_INCLUDE_IN_FRAMEWORK_HEADER = YES;
				CLANG_WARN_RANGE_LOOP_ANALYSIS = YES;
				CLANG_WARN_STRICT_PROTOTYPES = YES;
				CLANG_WARN_SUSPICIOUS_MOVE = YES;
				CLANG_WARN_UNGUARDED_AVAILABILITY = YES_AGGRESSIVE;
				CLANG_WARN_UNREACHABLE_CODE = YES;
				CLANG_WARN__DUPLICATE_METHOD_MATCH = YES;
				COPY_PHASE_STRIP = NO;
				DEBUG_INFORMATION_FORMAT = "dwarf-with-dsym";
				ENABLE_NS_ASSERTIONS = NO;
				ENABLE_STRICT_OBJC_MSGSEND = YES;
				ENABLE_USER_SCRIPT_SANDBOXING = YES;
				GCC_C_LANGUAGE_STANDARD = gnu17;
				GCC_NO_COMMON_BLOCKS = YES;
				GCC_WARN_64_TO_32_BIT_CONVERSION = YES;
				GCC_WARN_ABOUT_RETURN_TYPE = YES_ERROR;
				GCC_WARN_UNDECLARED_SELECTOR = YES;
				GCC_WARN_UNINITIALIZED_AUTOS = YES_AGGRESSIVE;
				GCC_WARN_UNUSED_FUNCTION = YES;
				GCC_WARN_UNUSED_VARIABLE = YES;
				IPHONEOS_DEPLOYMENT_TARGET = 17.4;
				LOCALIZATION_PREFERS_STRING_CATALOGS = YES;
				MTL_ENABLE_DEBUG_INFO = NO;
				MTL_FAST_MATH = YES;
				SDKROOT = iphoneos;
				SWIFT_COMPILATION_MODE = wholemodule;
				VALIDATE_PRODUCT = YES;
			};
			name = Release;
		};
		543098282BC1CC1000ECFFBB /* Debug */ = {
			isa = XCBuildConfiguration;
			buildSettings = {
				ASSETCATALOG_COMPILER_APPICON_NAME = AppIcon;
				ASSETCATALOG_COMPILER_GLOBAL_ACCENT_COLOR_NAME = AccentColor;
				CODE_SIGN_STYLE = Automatic;
				CURRENT_PROJECT_VERSION = 1;
				DEVELOPMENT_ASSET_PATHS = "\"GQIBBI URLSessionWebSocket/Preview Content\"";
				DEVELOPMENT_TEAM = 3BXZQJ5LY6;
				ENABLE_PREVIEWS = YES;
				GENERATE_INFOPLIST_FILE = YES;
				INFOPLIST_KEY_UIApplicationSceneManifest_Generation = YES;
				INFOPLIST_KEY_UIApplicationSupportsIndirectInputEvents = YES;
				INFOPLIST_KEY_UILaunchScreen_Generation = YES;
				INFOPLIST_KEY_UISupportedInterfaceOrientations_iPad = "UIInterfaceOrientationPortrait UIInterfaceOrientationPortraitUpsideDown UIInterfaceOrientationLandscapeLeft UIInterfaceOrientationLandscapeRight";
				INFOPLIST_KEY_UISupportedInterfaceOrientations_iPhone = "UIInterfaceOrientationPortrait UIInterfaceOrientationLandscapeLeft UIInterfaceOrientationLandscapeRight";
				LD_RUNPATH_SEARCH_PATHS = (
					"$(inherited)",
					"@executable_path/Frameworks",
				);
				MARKETING_VERSION = 1.0;
				PRODUCT_BUNDLE_IDENTIFIER = "com.example.raadhesh.GQIBBI-URLSessionWebSocket";
				PRODUCT_NAME = "$(TARGET_NAME)";
				SWIFT_EMIT_LOC_STRINGS = YES;
				SWIFT_VERSION = 5.0;
				TARGETED_DEVICE_FAMILY = "1,2";
			};
			name = Debug;
		};
		543098292BC1CC1000ECFFBB /* Release */ = {
			isa = XCBuildConfiguration;
			buildSettings = {
				ASSETCATALOG_COMPILER_APPICON_NAME = AppIcon;
				ASSETCATALOG_COMPILER_GLOBAL_ACCENT_COLOR_NAME = AccentColor;
				CODE_SIGN_STYLE = Automatic;
				CURRENT_PROJECT_VERSION = 1;
				DEVELOPMENT_ASSET_PATHS = "\"GQIBBI URLSessionWebSocket/Preview Content\"";
				DEVELOPMENT_TEAM = 3BXZQJ5LY6;
				ENABLE_PREVIEWS = YES;
				GENERATE_INFOPLIST_FILE = YES;
				INFOPLIST_KEY_UIApplicationSceneManifest_Generation = YES;
				INFOPLIST_KEY_UIApplicationSupportsIndirectInputEvents = YES;
				INFOPLIST_KEY_UILaunchScreen_Generation = YES;
				INFOPLIST_KEY_UISupportedInterfaceOrientations_iPad = "UIInterfaceOrientationPortrait UIInterfaceOrientationPortraitUpsideDown UIInterfaceOrientationLandscapeLeft UIInterfaceOrientationLandscapeRight";
				INFOPLIST_KEY_UISupportedInterfaceOrientations_iPhone = "UIInterfaceOrientationPortrait UIInterfaceOrientationLandscapeLeft UIInterfaceOrientationLandscapeRight";
				LD_RUNPATH_SEARCH_PATHS = (
					"$(inherited)",
					"@executable_path/Frameworks",
				);
				MARKETING_VERSION = 1.0;
				PRODUCT_BUNDLE_IDENTIFIER = "com.example.raadhesh.GQIBBI-URLSessionWebSocket";
				PRODUCT_NAME = "$(TARGET_NAME)";
				SWIFT_EMIT_LOC_STRINGS = YES;
				SWIFT_VERSION = 5.0;
				TARGETED_DEVICE_FAMILY = "1,2";
			};
			name = Release;
		};
/* End XCBuildConfiguration section */

/* Begin XCConfigurationList section */
		543098142BC1CC0D00ECFFBB /* Build configuration list for PBXProject "GQIBBI URLSessionWebSocket" */ = {
			isa = XCConfigurationList;
			buildConfigurations = (
				543098252BC1CC1000ECFFBB /* Debug */,
				543098262BC1CC1000ECFFBB /* Release */,
			);
			defaultConfigurationIsVisible = 0;
			defaultConfigurationName = Release;
		};
		543098272BC1CC1000ECFFBB /* Build configuration list for PBXNativeTarget "GQIBBI URLSessionWebSocket" */ = {
			isa = XCConfigurationList;
			buildConfigurations = (
				543098282BC1CC1000ECFFBB /* Debug */,
				543098292BC1CC1000ECFFBB /* Release */,
			);
			defaultConfigurationIsVisible = 0;
			defaultConfigurationName = Release;
		};
/* End XCConfigurationList section */

/* Begin XCRemoteSwiftPackageReference section */
		5430982A2BC1CF1000ECFFBB /* XCRemoteSwiftPackageReference "CryptoSwift" */ = {
			isa = XCRemoteSwiftPackageReference;
			repositoryURL = "https://github.com/krzyzanowskim/CryptoSwift";
			requirement = {
				kind = upToNextMajorVersion;
				minimumVersion = 1.8.1;
			};
		};
/* End XCRemoteSwiftPackageReference section */

/* Begin XCSwiftPackageProductDependency section */
		5430982B2BC1CF1000ECFFBB /* CryptoSwift */ = {
			isa = XCSwiftPackageProductDependency;
			package = 5430982A2BC1CF1000ECFFBB /* XCRemoteSwiftPackageReference "CryptoSwift" */;
			productName = CryptoSwift;
		};
/* End XCSwiftPackageProductDependency section */
	};
	rootObject = 543098112BC1CC0D00ECFFBB /* Project object */;
}
